
Microsoft Visual Studio Solution File, Format Version 12.00
# Visual Studio Version 16
VisualStudioVersion = 16.0.31624.102
MinimumVisualStudioVersion = 10.0.40219.1
Project("{FAE04EC0-301F-11D3-BF4B-00C04F79EFBC}") = "SandboxCore", "SandboxCore\SandboxCore.csproj", "{9444F20F-8353-494F-8067-AC32EC0F967F}"
EndProject
Project("{9A19103F-16F7-4668-BE54-9A1E7A4F7556}") = "SandboxGh", "SandboxGh\SandboxGh.csproj", "{2326E4F3-873E-4357-8B70-12771892F58E}"
EndProject
Project("{FAE04EC0-301F-11D3-BF4B-00C04F79EFBC}") = "SandboxDynZeroTouch", "SandboxDynZeroTouch\SandboxDynZeroTouch.csproj", "{60534C9F-5FD2-414A-9A4E-CF793C3A2CC2}"
EndProject
Project("{FAE04EC0-301F-11D3-BF4B-00C04F79EFBC}") = "SandboxDynUtilities", "SandboxDynUtilities\SandboxDynUtilities.csproj", "{614173F6-2671-497D-BD14-93EBFED3C311}"
EndProject
Project("{FAE04EC0-301F-11D3-BF4B-00C04F79EFBC}") = "SandboxDynExplicitNode", "SandboxDynExplicitNode\SandboxDynExplicitNode.csproj", "{8488B8AE-89DA-4369-AA50-30F404D7F71F}"
EndProject
Global
	GlobalSection(SolutionConfigurationPlatforms) = preSolution
		Debug|Any CPU = Debug|Any CPU
		Release|Any CPU = Release|Any CPU
	EndGlobalSection
	GlobalSection(ProjectConfigurationPlatforms) = postSolution
		{9444F20F-8353-494F-8067-AC32EC0F967F}.Debug|Any CPU.ActiveCfg = Debug|Any CPU
		{9444F20F-8353-494F-8067-AC32EC0F967F}.Debug|Any CPU.Build.0 = Debug|Any CPU
		{9444F20F-8353-494F-8067-AC32EC0F967F}.Release|Any CPU.ActiveCfg = Release|Any CPU
		{9444F20F-8353-494F-8067-AC32EC0F967F}.Release|Any CPU.Build.0 = Release|Any CPU
		{2326E4F3-873E-4357-8B70-12771892F58E}.Debug|Any CPU.ActiveCfg = Debug|Any CPU
		{2326E4F3-873E-4357-8B70-12771892F58E}.Debug|Any CPU.Build.0 = Debug|Any CPU
		{2326E4F3-873E-4357-8B70-12771892F58E}.Release|Any CPU.ActiveCfg = Release|Any CPU
		{2326E4F3-873E-4357-8B70-12771892F58E}.Release|Any CPU.Build.0 = Release|Any CPU
		{60534C9F-5FD2-414A-9A4E-CF793C3A2CC2}.Debug|Any CPU.ActiveCfg = Debug|Any CPU
		{60534C9F-5FD2-414A-9A4E-CF793C3A2CC2}.Debug|Any CPU.Build.0 = Debug|Any CPU
		{60534C9F-5FD2-414A-9A4E-CF793C3A2CC2}.Release|Any CPU.ActiveCfg = Release|Any CPU
		{60534C9F-5FD2-414A-9A4E-CF793C3A2CC2}.Release|Any CPU.Build.0 = Release|Any CPU
		{614173F6-2671-497D-BD14-93EBFED3C311}.Debug|Any CPU.ActiveCfg = Debug|Any CPU
		{614173F6-2671-497D-BD14-93EBFED3C311}.Debug|Any CPU.Build.0 = Debug|Any CPU
		{614173F6-2671-497D-BD14-93EBFED3C311}.Release|Any CPU.ActiveCfg = Release|Any CPU
		{614173F6-2671-497D-BD14-93EBFED3C311}.Release|Any CPU.Build.0 = Release|Any CPU
		{8488B8AE-89DA-4369-AA50-30F404D7F71F}.Debug|Any CPU.ActiveCfg = Debug|Any CPU
		{8488B8AE-89DA-4369-AA50-30F404D7F71F}.Debug|Any CPU.Build.0 = Debug|Any CPU
		{8488B8AE-89DA-4369-AA50-30F404D7F71F}.Release|Any CPU.ActiveCfg = Release|Any CPU
		{8488B8AE-89DA-4369-AA50-30F404D7F71F}.Release|Any CPU.Build.0 = Release|Any CPU
	EndGlobalSection
	GlobalSection(SolutionProperties) = preSolution
		HideSolutionNode = FALSE
	EndGlobalSection
	GlobalSection(ExtensibilityGlobals) = postSolution
		SolutionGuid = {5729BA7C-B78B-4520-A84D-B56668D0FA5B}
	EndGlobalSection
EndGlobal
